
Microsoft Visual Studio Solution File, Format Version 12.00
# Visual Studio 2012
Project("{F184B08F-C81C-45F6-A57F-5ABD9991F28F}") = "Geometry_Proyect", "Geometry_Proyect\Geometry_Proyect.vbproj", "{277452ED-154C-4561-9650-46F8F2A99077}"
EndProject
Global
	GlobalSection(SolutionConfigurationPlatforms) = preSolution
		Debug|Any CPU = Debug|Any CPU
		Release|Any CPU = Release|Any CPU
	EndGlobalSection
	GlobalSection(ProjectConfigurationPlatforms) = postSolution
		{277452ED-154C-4561-9650-46F8F2A99077}.Debug|Any CPU.ActiveCfg = Debug|Any CPU
		{277452ED-154C-4561-9650-46F8F2A99077}.Debug|Any CPU.Build.0 = Debug|Any CPU
		{277452ED-154C-4561-9650-46F8F2A99077}.Release|Any CPU.ActiveCfg = Release|Any CPU
		{277452ED-154C-4561-9650-46F8F2A99077}.Release|Any CPU.Build.0 = Release|Any CPU
	EndGlobalSection
	GlobalSection(SolutionProperties) = preSolution
		HideSolutionNode = FALSE
	EndGlobalSection
EndGlobal
